
Microsoft Visual Studio Solution File, Format Version 12.00
# Visual Studio Version 16
VisualStudioVersion = 16.0.29806.167
MinimumVisualStudioVersion = 10.0.40219.1
Project("{9A19103F-16F7-4668-BE54-9A1E7A4F7556}") = "Onion", "Onion\Onion.csproj", "{32684AE0-CA26-4524-824B-4A904CF6B0D3}"
EndProject
Project("{9A19103F-16F7-4668-BE54-9A1E7A4F7556}") = "Onion.Infrastructure.DataAccess", "DataAccess\Onion.Infrastructure.DataAccess.csproj", "{BE860070-E49D-4AF1-9A1E-488EED76E9F2}"
EndProject
Project("{9A19103F-16F7-4668-BE54-9A1E7A4F7556}") = "Onion.Tests", "Onion.Tests\Onion.Tests.csproj", "{99857818-F7B9-4430-8252-88F7D0300798}"
EndProject
Project("{9A19103F-16F7-4668-BE54-9A1E7A4F7556}") = "Onion.Infrastructure", "Onion.Infrastructure\Onion.Infrastructure.csproj", "{FC3AB572-B7CA-4985-B65E-A8D3B918C6AE}"
EndProject
Project("{9A19103F-16F7-4668-BE54-9A1E7A4F7556}") = "Onion.Core", "Onion.Core\Onion.Core.csproj", "{30D1DF24-5ABC-4715-9084-5901278B701C}"
EndProject
Project("{9A19103F-16F7-4668-BE54-9A1E7A4F7556}") = "Onion.Infrastructure.ApplicationLog", "Altari.Infrastructure.Logger\Onion.Infrastructure.ApplicationLog.csproj", "{B320DA19-46F8-4C33-B7E1-292849FAB561}"
EndProject
Project("{FAE04EC0-301F-11D3-BF4B-00C04F79EFBC}") = "Onion.Services", "Onion.Services\Onion.Services.csproj", "{0D1B712E-215B-4671-9810-7945EFEBBC9E}"
EndProject
Global
	GlobalSection(SolutionConfigurationPlatforms) = preSolution
		Debug|Any CPU = Debug|Any CPU
		Release|Any CPU = Release|Any CPU
	EndGlobalSection
	GlobalSection(ProjectConfigurationPlatforms) = postSolution
		{32684AE0-CA26-4524-824B-4A904CF6B0D3}.Debug|Any CPU.ActiveCfg = Debug|Any CPU
		{32684AE0-CA26-4524-824B-4A904CF6B0D3}.Debug|Any CPU.Build.0 = Debug|Any CPU
		{32684AE0-CA26-4524-824B-4A904CF6B0D3}.Release|Any CPU.ActiveCfg = Release|Any CPU
		{32684AE0-CA26-4524-824B-4A904CF6B0D3}.Release|Any CPU.Build.0 = Release|Any CPU
		{BE860070-E49D-4AF1-9A1E-488EED76E9F2}.Debug|Any CPU.ActiveCfg = Debug|Any CPU
		{BE860070-E49D-4AF1-9A1E-488EED76E9F2}.Debug|Any CPU.Build.0 = Debug|Any CPU
		{BE860070-E49D-4AF1-9A1E-488EED76E9F2}.Release|Any CPU.ActiveCfg = Release|Any CPU
		{BE860070-E49D-4AF1-9A1E-488EED76E9F2}.Release|Any CPU.Build.0 = Release|Any CPU
		{99857818-F7B9-4430-8252-88F7D0300798}.Debug|Any CPU.ActiveCfg = Debug|Any CPU
		{99857818-F7B9-4430-8252-88F7D0300798}.Debug|Any CPU.Build.0 = Debug|Any CPU
		{99857818-F7B9-4430-8252-88F7D0300798}.Release|Any CPU.ActiveCfg = Release|Any CPU
		{99857818-F7B9-4430-8252-88F7D0300798}.Release|Any CPU.Build.0 = Release|Any CPU
		{FC3AB572-B7CA-4985-B65E-A8D3B918C6AE}.Debug|Any CPU.ActiveCfg = Debug|Any CPU
		{FC3AB572-B7CA-4985-B65E-A8D3B918C6AE}.Debug|Any CPU.Build.0 = Debug|Any CPU
		{FC3AB572-B7CA-4985-B65E-A8D3B918C6AE}.Release|Any CPU.ActiveCfg = Release|Any CPU
		{FC3AB572-B7CA-4985-B65E-A8D3B918C6AE}.Release|Any CPU.Build.0 = Release|Any CPU
		{30D1DF24-5ABC-4715-9084-5901278B701C}.Debug|Any CPU.ActiveCfg = Debug|Any CPU
		{30D1DF24-5ABC-4715-9084-5901278B701C}.Debug|Any CPU.Build.0 = Debug|Any CPU
		{30D1DF24-5ABC-4715-9084-5901278B701C}.Release|Any CPU.ActiveCfg = Release|Any CPU
		{30D1DF24-5ABC-4715-9084-5901278B701C}.Release|Any CPU.Build.0 = Release|Any CPU
		{B320DA19-46F8-4C33-B7E1-292849FAB561}.Debug|Any CPU.ActiveCfg = Debug|Any CPU
		{B320DA19-46F8-4C33-B7E1-292849FAB561}.Debug|Any CPU.Build.0 = Debug|Any CPU
		{B320DA19-46F8-4C33-B7E1-292849FAB561}.Release|Any CPU.ActiveCfg = Release|Any CPU
		{B320DA19-46F8-4C33-B7E1-292849FAB561}.Release|Any CPU.Build.0 = Release|Any CPU
		{0D1B712E-215B-4671-9810-7945EFEBBC9E}.Debug|Any CPU.ActiveCfg = Debug|Any CPU
		{0D1B712E-215B-4671-9810-7945EFEBBC9E}.Debug|Any CPU.Build.0 = Debug|Any CPU
		{0D1B712E-215B-4671-9810-7945EFEBBC9E}.Release|Any CPU.ActiveCfg = Release|Any CPU
		{0D1B712E-215B-4671-9810-7945EFEBBC9E}.Release|Any CPU.Build.0 = Release|Any CPU
	EndGlobalSection
	GlobalSection(SolutionProperties) = preSolution
		HideSolutionNode = FALSE
	EndGlobalSection
	GlobalSection(ExtensibilityGlobals) = postSolution
		SolutionGuid = {95808C07-67D0-4938-8963-178532C23980}
	EndGlobalSection
EndGlobal
